// !$*UTF8*$!
{
	archiveVersion = 1;
	classes = {
	};
	objectVersion = 51;
	objects = {

/* Begin PBXBuildFile section */
		D555134D3BE6789089D1240E /* Pods_HiddenMickeyCyberspace.framework in Frameworks */ = {isa = PBXBuildFile; fileRef = B60EEE5AB0EC62278A058E79 /* Pods_HiddenMickeyCyberspace.framework */; };
		E924DB3D2687EBBA009E021E /* HMCHomeProfileDrawerViewController.swift in Sources */ = {isa = PBXBuildFile; fileRef = E924DB3B2687EBBA009E021E /* HMCHomeProfileDrawerViewController.swift */; };
		E924DB3E2687EBBA009E021E /* HMCHomeProfileDrawerViewController.xib in Resources */ = {isa = PBXBuildFile; fileRef = E924DB3C2687EBBA009E021E /* HMCHomeProfileDrawerViewController.xib */; };
		E924DB43268C171D009E021E /* HMCARCameraViewController.swift in Sources */ = {isa = PBXBuildFile; fileRef = E924DB41268C171D009E021E /* HMCARCameraViewController.swift */; };
		E924DB44268C171D009E021E /* HMCARCameraViewController.xib in Resources */ = {isa = PBXBuildFile; fileRef = E924DB42268C171D009E021E /* HMCARCameraViewController.xib */; };
		E956714227A512D100E4D52C /* UIColorExtensions.swift in Sources */ = {isa = PBXBuildFile; fileRef = E956714127A512D100E4D52C /* UIColorExtensions.swift */; };
		E956714427A5BC1C00E4D52C /* CustomAnnotationView.swift in Sources */ = {isa = PBXBuildFile; fileRef = E956714327A5BC1C00E4D52C /* CustomAnnotationView.swift */; };
		E956714627A642D800E4D52C /* HMCAnnotationView.swift in Sources */ = {isa = PBXBuildFile; fileRef = E956714527A642D800E4D52C /* HMCAnnotationView.swift */; };
		E956715027A6567600E4D52C /* TempGlobalVariables.swift in Sources */ = {isa = PBXBuildFile; fileRef = E956714F27A6567600E4D52C /* TempGlobalVariables.swift */; };
		E96CBF71280FC54500EAD493 /* HMCCollectionViewCell.swift in Sources */ = {isa = PBXBuildFile; fileRef = E96CBF6F280FC54500EAD493 /* HMCCollectionViewCell.swift */; };
		E96CBF72280FC54500EAD493 /* HMCCollectionViewCell.xib in Resources */ = {isa = PBXBuildFile; fileRef = E96CBF70280FC54500EAD493 /* HMCCollectionViewCell.xib */; };
		E976AB81267275F600EA09F9 /* HMCRequestHandler.swift in Sources */ = {isa = PBXBuildFile; fileRef = E976AB80267275F600EA09F9 /* HMCRequestHandler.swift */; };
		E976AB852672ADA200EA09F9 /* HMCViewController.swift in Sources */ = {isa = PBXBuildFile; fileRef = E976AB842672ADA200EA09F9 /* HMCViewController.swift */; };
		E976AB892672B34700EA09F9 /* HMCHiddenMickey.swift in Sources */ = {isa = PBXBuildFile; fileRef = E976AB882672B34700EA09F9 /* HMCHiddenMickey.swift */; };
		E976AB8B2672CBC600EA09F9 /* HMCModel.swift in Sources */ = {isa = PBXBuildFile; fileRef = E976AB8A2672CBC600EA09F9 /* HMCModel.swift */; };
		E976AB8D2672CDF500EA09F9 /* HMCLocation.swift in Sources */ = {isa = PBXBuildFile; fileRef = E976AB8C2672CDF500EA09F9 /* HMCLocation.swift */; };
		E998BDAC2821FDAC00164B70 /* HMCScoreAndCollectionViewController.swift in Sources */ = {isa = PBXBuildFile; fileRef = E998BDAA2821FDAC00164B70 /* HMCScoreAndCollectionViewController.swift */; };
		E998BDAD2821FDAC00164B70 /* HMCScoreAndCollectionViewController.xib in Resources */ = {isa = PBXBuildFile; fileRef = E998BDAB2821FDAC00164B70 /* HMCScoreAndCollectionViewController.xib */; };
		E99FE1AC27B89C4E00388C03 /* TimerProgressBarView.swift in Sources */ = {isa = PBXBuildFile; fileRef = E99FE1AB27B89C4E00388C03 /* TimerProgressBarView.swift */; };
		E99FE1AE27B8C2C900388C03 /* ColorConstansts.swift in Sources */ = {isa = PBXBuildFile; fileRef = E99FE1AD27B8C2C900388C03 /* ColorConstansts.swift */; };
		E9A26742266BE12200665698 /* AppDelegate.swift in Sources */ = {isa = PBXBuildFile; fileRef = E9A26741266BE12200665698 /* AppDelegate.swift */; };
		E9A26744266BE12200665698 /* SceneDelegate.swift in Sources */ = {isa = PBXBuildFile; fileRef = E9A26743266BE12200665698 /* SceneDelegate.swift */; };
		E9A2674B266BE12300665698 /* Assets.xcassets in Resources */ = {isa = PBXBuildFile; fileRef = E9A2674A266BE12300665698 /* Assets.xcassets */; };
		E9A2674E266BE12300665698 /* LaunchScreen.storyboard in Resources */ = {isa = PBXBuildFile; fileRef = E9A2674C266BE12300665698 /* LaunchScreen.storyboard */; };
		E9A26757266BE94200665698 /* HMCHomeMapViewController.swift in Sources */ = {isa = PBXBuildFile; fileRef = E9A26755266BE94200665698 /* HMCHomeMapViewController.swift */; };
		E9A26758266BE94200665698 /* HMCHomeMapViewController.xib in Resources */ = {isa = PBXBuildFile; fileRef = E9A26756266BE94200665698 /* HMCHomeMapViewController.xib */; };
		E9A2675A266C498300665698 /* HMCMapKitExtension.swift in Sources */ = {isa = PBXBuildFile; fileRef = E9A26759266C498300665698 /* HMCMapKitExtension.swift */; };
		E9AA7F2A266EEBD6002297D1 /* GoogleService-Info.plist in Resources */ = {isa = PBXBuildFile; fileRef = E9AA7F29266EEBD6002297D1 /* GoogleService-Info.plist */; };
		E9AC4C5F282A0436007DEE57 /* HMCProfileViewController.swift in Sources */ = {isa = PBXBuildFile; fileRef = E9AC4C5D282A0436007DEE57 /* HMCProfileViewController.swift */; };
		E9AC4C60282A0436007DEE57 /* HMCProfileViewController.xib in Resources */ = {isa = PBXBuildFile; fileRef = E9AC4C5E282A0436007DEE57 /* HMCProfileViewController.xib */; };
		E9AC4C63282B01A6007DEE57 /* HMCMapCalloutViewController.swift in Sources */ = {isa = PBXBuildFile; fileRef = E9AC4C61282B01A6007DEE57 /* HMCMapCalloutViewController.swift */; };
		E9AC4C64282B01A6007DEE57 /* HMCMapCalloutViewController.xib in Resources */ = {isa = PBXBuildFile; fileRef = E9AC4C62282B01A6007DEE57 /* HMCMapCalloutViewController.xib */; };
		E9FC260326DF35EA007820E9 /* HMCFinalScoreViewController.swift in Sources */ = {isa = PBXBuildFile; fileRef = E9FC260126DF35EA007820E9 /* HMCFinalScoreViewController.swift */; };
		E9FC260426DF35EA007820E9 /* HMCFinalScoreViewController.xib in Resources */ = {isa = PBXBuildFile; fileRef = E9FC260226DF35EA007820E9 /* HMCFinalScoreViewController.xib */; };
/* End PBXBuildFile section */

/* Begin PBXFileReference section */
		4DA3C2F48672AF3E3A61026E /* Pods-HiddenMickeyCyberspace.debug.xcconfig */ = {isa = PBXFileReference; includeInIndex = 1; lastKnownFileType = text.xcconfig; name = "Pods-HiddenMickeyCyberspace.debug.xcconfig"; path = "Target Support Files/Pods-HiddenMickeyCyberspace/Pods-HiddenMickeyCyberspace.debug.xcconfig"; sourceTree = "<group>"; };
		B60EEE5AB0EC62278A058E79 /* Pods_HiddenMickeyCyberspace.framework */ = {isa = PBXFileReference; explicitFileType = wrapper.framework; includeInIndex = 0; path = Pods_HiddenMickeyCyberspace.framework; sourceTree = BUILT_PRODUCTS_DIR; };
		E924DB3B2687EBBA009E021E /* HMCHomeProfileDrawerViewController.swift */ = {isa = PBXFileReference; lastKnownFileType = sourcecode.swift; path = HMCHomeProfileDrawerViewController.swift; sourceTree = "<group>"; };
		E924DB3C2687EBBA009E021E /* HMCHomeProfileDrawerViewController.xib */ = {isa = PBXFileReference; lastKnownFileType = file.xib; path = HMCHomeProfileDrawerViewController.xib; sourceTree = "<group>"; };
		E924DB41268C171D009E021E /* HMCARCameraViewController.swift */ = {isa = PBXFileReference; lastKnownFileType = sourcecode.swift; path = HMCARCameraViewController.swift; sourceTree = "<group>"; };
		E924DB42268C171D009E021E /* HMCARCameraViewController.xib */ = {isa = PBXFileReference; lastKnownFileType = file.xib; path = HMCARCameraViewController.xib; sourceTree = "<group>"; };
		E956714127A512D100E4D52C /* UIColorExtensions.swift */ = {isa = PBXFileReference; lastKnownFileType = sourcecode.swift; path = UIColorExtensions.swift; sourceTree = "<group>"; };
		E956714327A5BC1C00E4D52C /* CustomAnnotationView.swift */ = {isa = PBXFileReference; lastKnownFileType = sourcecode.swift; path = CustomAnnotationView.swift; sourceTree = "<group>"; };
		E956714527A642D800E4D52C /* HMCAnnotationView.swift */ = {isa = PBXFileReference; lastKnownFileType = sourcecode.swift; path = HMCAnnotationView.swift; sourceTree = "<group>"; };
		E956714F27A6567600E4D52C /* TempGlobalVariables.swift */ = {isa = PBXFileReference; lastKnownFileType = sourcecode.swift; path = TempGlobalVariables.swift; sourceTree = "<group>"; };
		E96CBF6F280FC54500EAD493 /* HMCCollectionViewCell.swift */ = {isa = PBXFileReference; lastKnownFileType = sourcecode.swift; path = HMCCollectionViewCell.swift; sourceTree = "<group>"; };
		E96CBF70280FC54500EAD493 /* HMCCollectionViewCell.xib */ = {isa = PBXFileReference; lastKnownFileType = file.xib; path = HMCCollectionViewCell.xib; sourceTree = "<group>"; };
		E976AB80267275F600EA09F9 /* HMCRequestHandler.swift */ = {isa = PBXFileReference; lastKnownFileType = sourcecode.swift; path = HMCRequestHandler.swift; sourceTree = "<group>"; };
		E976AB842672ADA200EA09F9 /* HMCViewController.swift */ = {isa = PBXFileReference; lastKnownFileType = sourcecode.swift; path = HMCViewController.swift; sourceTree = "<group>"; };
		E976AB882672B34700EA09F9 /* HMCHiddenMickey.swift */ = {isa = PBXFileReference; lastKnownFileType = sourcecode.swift; path = HMCHiddenMickey.swift; sourceTree = "<group>"; };
		E976AB8A2672CBC600EA09F9 /* HMCModel.swift */ = {isa = PBXFileReference; lastKnownFileType = sourcecode.swift; path = HMCModel.swift; sourceTree = "<group>"; };
		E976AB8C2672CDF500EA09F9 /* HMCLocation.swift */ = {isa = PBXFileReference; lastKnownFileType = sourcecode.swift; path = HMCLocation.swift; sourceTree = "<group>"; };
		E998BDAA2821FDAC00164B70 /* HMCScoreAndCollectionViewController.swift */ = {isa = PBXFileReference; lastKnownFileType = sourcecode.swift; path = HMCScoreAndCollectionViewController.swift; sourceTree = "<group>"; };
		E998BDAB2821FDAC00164B70 /* HMCScoreAndCollectionViewController.xib */ = {isa = PBXFileReference; lastKnownFileType = file.xib; path = HMCScoreAndCollectionViewController.xib; sourceTree = "<group>"; };
		E99FE1AB27B89C4E00388C03 /* TimerProgressBarView.swift */ = {isa = PBXFileReference; lastKnownFileType = sourcecode.swift; path = TimerProgressBarView.swift; sourceTree = "<group>"; };
		E99FE1AD27B8C2C900388C03 /* ColorConstansts.swift */ = {isa = PBXFileReference; lastKnownFileType = sourcecode.swift; path = ColorConstansts.swift; sourceTree = "<group>"; };
		E9A2673E266BE12200665698 /* HiddenMickeyCyberspace.app */ = {isa = PBXFileReference; explicitFileType = wrapper.application; includeInIndex = 0; path = HiddenMickeyCyberspace.app; sourceTree = BUILT_PRODUCTS_DIR; };
		E9A26741266BE12200665698 /* AppDelegate.swift */ = {isa = PBXFileReference; lastKnownFileType = sourcecode.swift; path = AppDelegate.swift; sourceTree = "<group>"; };
		E9A26743266BE12200665698 /* SceneDelegate.swift */ = {isa = PBXFileReference; lastKnownFileType = sourcecode.swift; path = SceneDelegate.swift; sourceTree = "<group>"; };
		E9A2674A266BE12300665698 /* Assets.xcassets */ = {isa = PBXFileReference; lastKnownFileType = folder.assetcatalog; path = Assets.xcassets; sourceTree = "<group>"; };
		E9A2674D266BE12300665698 /* Base */ = {isa = PBXFileReference; lastKnownFileType = file.storyboard; name = Base; path = Base.lproj/LaunchScreen.storyboard; sourceTree = "<group>"; };
		E9A2674F266BE12300665698 /* Info.plist */ = {isa = PBXFileReference; lastKnownFileType = text.plist.xml; path = Info.plist; sourceTree = "<group>"; };
		E9A26755266BE94200665698 /* HMCHomeMapViewController.swift */ = {isa = PBXFileReference; lastKnownFileType = sourcecode.swift; path = HMCHomeMapViewController.swift; sourceTree = "<group>"; };
		E9A26756266BE94200665698 /* HMCHomeMapViewController.xib */ = {isa = PBXFileReference; lastKnownFileType = file.xib; path = HMCHomeMapViewController.xib; sourceTree = "<group>"; };
		E9A26759266C498300665698 /* HMCMapKitExtension.swift */ = {isa = PBXFileReference; lastKnownFileType = sourcecode.swift; path = HMCMapKitExtension.swift; sourceTree = "<group>"; };
		E9AA7F29266EEBD6002297D1 /* GoogleService-Info.plist */ = {isa = PBXFileReference; fileEncoding = 4; lastKnownFileType = text.plist.xml; name = "GoogleService-Info.plist"; path = "../../../../Downloads/GoogleService-Info.plist"; sourceTree = "<group>"; };
		E9AC4C5D282A0436007DEE57 /* HMCProfileViewController.swift */ = {isa = PBXFileReference; lastKnownFileType = sourcecode.swift; path = HMCProfileViewController.swift; sourceTree = "<group>"; };
		E9AC4C5E282A0436007DEE57 /* HMCProfileViewController.xib */ = {isa = PBXFileReference; lastKnownFileType = file.xib; path = HMCProfileViewController.xib; sourceTree = "<group>"; };
		E9AC4C61282B01A6007DEE57 /* HMCMapCalloutViewController.swift */ = {isa = PBXFileReference; lastKnownFileType = sourcecode.swift; path = HMCMapCalloutViewController.swift; sourceTree = "<group>"; };
		E9AC4C62282B01A6007DEE57 /* HMCMapCalloutViewController.xib */ = {isa = PBXFileReference; lastKnownFileType = file.xib; path = HMCMapCalloutViewController.xib; sourceTree = "<group>"; };
		E9FC260126DF35EA007820E9 /* HMCFinalScoreViewController.swift */ = {isa = PBXFileReference; lastKnownFileType = sourcecode.swift; path = HMCFinalScoreViewController.swift; sourceTree = "<group>"; };
		E9FC260226DF35EA007820E9 /* HMCFinalScoreViewController.xib */ = {isa = PBXFileReference; lastKnownFileType = file.xib; path = HMCFinalScoreViewController.xib; sourceTree = "<group>"; };
		EDB1B44C452A1468D5E1085C /* Pods-HiddenMickeyCyberspace.release.xcconfig */ = {isa = PBXFileReference; includeInIndex = 1; lastKnownFileType = text.xcconfig; name = "Pods-HiddenMickeyCyberspace.release.xcconfig"; path = "Target Support Files/Pods-HiddenMickeyCyberspace/Pods-HiddenMickeyCyberspace.release.xcconfig"; sourceTree = "<group>"; };
/* End PBXFileReference section */

/* Begin PBXFrameworksBuildPhase section */
		E9A2673B266BE12200665698 /* Frameworks */ = {
			isa = PBXFrameworksBuildPhase;
			buildActionMask = 2147483647;
			files = (
				D555134D3BE6789089D1240E /* Pods_HiddenMickeyCyberspace.framework in Frameworks */,
			);
			runOnlyForDeploymentPostprocessing = 0;
		};
/* End PBXFrameworksBuildPhase section */

/* Begin PBXGroup section */
		0FDEA2D97DB76ADCBAED6883 /* Pods */ = {
			isa = PBXGroup;
			children = (
				4DA3C2F48672AF3E3A61026E /* Pods-HiddenMickeyCyberspace.debug.xcconfig */,
				EDB1B44C452A1468D5E1085C /* Pods-HiddenMickeyCyberspace.release.xcconfig */,
			);
			path = Pods;
			sourceTree = "<group>";
		};
		6ABEDF1C3B86A4512F4C93B7 /* Frameworks */ = {
			isa = PBXGroup;
			children = (
				B60EEE5AB0EC62278A058E79 /* Pods_HiddenMickeyCyberspace.framework */,
			);
			name = Frameworks;
			sourceTree = "<group>";
		};
		E9A26735266BE12200665698 = {
			isa = PBXGroup;
			children = (
				E9A26740266BE12200665698 /* HiddenMickeyCyberspace */,
				E9A2673F266BE12200665698 /* Products */,
				0FDEA2D97DB76ADCBAED6883 /* Pods */,
				6ABEDF1C3B86A4512F4C93B7 /* Frameworks */,
			);
			sourceTree = "<group>";
		};
		E9A2673F266BE12200665698 /* Products */ = {
			isa = PBXGroup;
			children = (
				E9A2673E266BE12200665698 /* HiddenMickeyCyberspace.app */,
			);
			name = Products;
			sourceTree = "<group>";
		};
		E9A26740266BE12200665698 /* HiddenMickeyCyberspace */ = {
			isa = PBXGroup;
			children = (
				E9A26741266BE12200665698 /* AppDelegate.swift */,
				E9A26743266BE12200665698 /* SceneDelegate.swift */,
				E9A2674A266BE12300665698 /* Assets.xcassets */,
				E9A2674C266BE12300665698 /* LaunchScreen.storyboard */,
				E9A2674F266BE12300665698 /* Info.plist */,
				E9A26755266BE94200665698 /* HMCHomeMapViewController.swift */,
				E956714F27A6567600E4D52C /* TempGlobalVariables.swift */,
				E9A26756266BE94200665698 /* HMCHomeMapViewController.xib */,
				E9A26759266C498300665698 /* HMCMapKitExtension.swift */,
				E9AA7F29266EEBD6002297D1 /* GoogleService-Info.plist */,
				E976AB80267275F600EA09F9 /* HMCRequestHandler.swift */,
				E976AB842672ADA200EA09F9 /* HMCViewController.swift */,
				E976AB882672B34700EA09F9 /* HMCHiddenMickey.swift */,
				E976AB8A2672CBC600EA09F9 /* HMCModel.swift */,
				E976AB8C2672CDF500EA09F9 /* HMCLocation.swift */,
				E924DB3B2687EBBA009E021E /* HMCHomeProfileDrawerViewController.swift */,
				E924DB3C2687EBBA009E021E /* HMCHomeProfileDrawerViewController.xib */,
				E924DB41268C171D009E021E /* HMCARCameraViewController.swift */,
				E956714127A512D100E4D52C /* UIColorExtensions.swift */,
				E956714327A5BC1C00E4D52C /* CustomAnnotationView.swift */,
				E956714527A642D800E4D52C /* HMCAnnotationView.swift */,
				E924DB42268C171D009E021E /* HMCARCameraViewController.xib */,
				E9FC260126DF35EA007820E9 /* HMCFinalScoreViewController.swift */,
				E9FC260226DF35EA007820E9 /* HMCFinalScoreViewController.xib */,
				E99FE1AB27B89C4E00388C03 /* TimerProgressBarView.swift */,
				E99FE1AD27B8C2C900388C03 /* ColorConstansts.swift */,
				E96CBF6F280FC54500EAD493 /* HMCCollectionViewCell.swift */,
				E96CBF70280FC54500EAD493 /* HMCCollectionViewCell.xib */,
				E998BDAA2821FDAC00164B70 /* HMCScoreAndCollectionViewController.swift */,
				E998BDAB2821FDAC00164B70 /* HMCScoreAndCollectionViewController.xib */,
				E9AC4C5D282A0436007DEE57 /* HMCProfileViewController.swift */,
				E9AC4C5E282A0436007DEE57 /* HMCProfileViewController.xib */,
				E9AC4C61282B01A6007DEE57 /* HMCMapCalloutViewController.swift */,
				E9AC4C62282B01A6007DEE57 /* HMCMapCalloutViewController.xib */,
			);
			path = HiddenMickeyCyberspace;
			sourceTree = "<group>";
		};
/* End PBXGroup section */

/* Begin PBXNativeTarget section */
		E9A2673D266BE12200665698 /* HiddenMickeyCyberspace */ = {
			isa = PBXNativeTarget;
			buildConfigurationList = E9A26752266BE12300665698 /* Build configuration list for PBXNativeTarget "HiddenMickeyCyberspace" */;
			buildPhases = (
				0A34DF5302E02DA2126A9AE9 /* [CP] Check Pods Manifest.lock */,
				E9A2673A266BE12200665698 /* Sources */,
				E9A2673B266BE12200665698 /* Frameworks */,
				E9A2673C266BE12200665698 /* Resources */,
				9B7BABAE6B4C8306117C3982 /* [CP] Embed Pods Frameworks */,
			);
			buildRules = (
			);
			dependencies = (
			);
			name = HiddenMickeyCyberspace;
			productName = HiddenMickeyCyberspace;
			productReference = E9A2673E266BE12200665698 /* HiddenMickeyCyberspace.app */;
			productType = "com.apple.product-type.application";
		};
/* End PBXNativeTarget section */

/* Begin PBXProject section */
		E9A26736266BE12200665698 /* Project object */ = {
			isa = PBXProject;
			attributes = {
				LastSwiftUpdateCheck = 1250;
				LastUpgradeCheck = 1250;
				TargetAttributes = {
					E9A2673D266BE12200665698 = {
						CreatedOnToolsVersion = 12.5;
					};
				};
			};
			buildConfigurationList = E9A26739266BE12200665698 /* Build configuration list for PBXProject "HiddenMickeyCyberspace" */;
			compatibilityVersion = "Xcode 9.3";
			developmentRegion = en;
			hasScannedForEncodings = 0;
			knownRegions = (
				en,
				Base,
			);
			mainGroup = E9A26735266BE12200665698;
			productRefGroup = E9A2673F266BE12200665698 /* Products */;
			projectDirPath = "";
			projectRoot = "";
			targets = (
				E9A2673D266BE12200665698 /* HiddenMickeyCyberspace */,
			);
		};
/* End PBXProject section */

/* Begin PBXResourcesBuildPhase section */
		E9A2673C266BE12200665698 /* Resources */ = {
			isa = PBXResourcesBuildPhase;
			buildActionMask = 2147483647;
			files = (
				E998BDAD2821FDAC00164B70 /* HMCScoreAndCollectionViewController.xib in Resources */,
				E9A26758266BE94200665698 /* HMCHomeMapViewController.xib in Resources */,
				E96CBF72280FC54500EAD493 /* HMCCollectionViewCell.xib in Resources */,
				E9AC4C60282A0436007DEE57 /* HMCProfileViewController.xib in Resources */,
				E9AA7F2A266EEBD6002297D1 /* GoogleService-Info.plist in Resources */,
				E924DB3E2687EBBA009E021E /* HMCHomeProfileDrawerViewController.xib in Resources */,
				E9FC260426DF35EA007820E9 /* HMCFinalScoreViewController.xib in Resources */,
				E924DB44268C171D009E021E /* HMCARCameraViewController.xib in Resources */,
				E9A2674E266BE12300665698 /* LaunchScreen.storyboard in Resources */,
				E9A2674B266BE12300665698 /* Assets.xcassets in Resources */,
				E9AC4C64282B01A6007DEE57 /* HMCMapCalloutViewController.xib in Resources */,
			);
			runOnlyForDeploymentPostprocessing = 0;
		};
/* End PBXResourcesBuildPhase section */

/* Begin PBXShellScriptBuildPhase section */
		0A34DF5302E02DA2126A9AE9 /* [CP] Check Pods Manifest.lock */ = {
			isa = PBXShellScriptBuildPhase;
			buildActionMask = 2147483647;
			files = (
			);
			inputFileListPaths = (
			);
			inputPaths = (
				"${PODS_PODFILE_DIR_PATH}/Podfile.lock",
				"${PODS_ROOT}/Manifest.lock",
			);
			name = "[CP] Check Pods Manifest.lock";
			outputFileListPaths = (
			);
			outputPaths = (
				"$(DERIVED_FILE_DIR)/Pods-HiddenMickeyCyberspace-checkManifestLockResult.txt",
			);
			runOnlyForDeploymentPostprocessing = 0;
			shellPath = /bin/sh;
			shellScript = "diff \"${PODS_PODFILE_DIR_PATH}/Podfile.lock\" \"${PODS_ROOT}/Manifest.lock\" > /dev/null\nif [ $? != 0 ] ; then\n    # print error to STDERR\n    echo \"error: The sandbox is not in sync with the Podfile.lock. Run 'pod install' or update your CocoaPods installation.\" >&2\n    exit 1\nfi\n# This output is used by Xcode 'outputs' to avoid re-running this script phase.\necho \"SUCCESS\" > \"${SCRIPT_OUTPUT_FILE_0}\"\n";
			showEnvVarsInLog = 0;
		};
		9B7BABAE6B4C8306117C3982 /* [CP] Embed Pods Frameworks */ = {
			isa = PBXShellScriptBuildPhase;
			buildActionMask = 2147483647;
			files = (
			);
			inputFileListPaths = (
				"${PODS_ROOT}/Target Support Files/Pods-HiddenMickeyCyberspace/Pods-HiddenMickeyCyberspace-frameworks-${CONFIGURATION}-input-files.xcfilelist",
			);
			name = "[CP] Embed Pods Frameworks";
			outputFileListPaths = (
				"${PODS_ROOT}/Target Support Files/Pods-HiddenMickeyCyberspace/Pods-HiddenMickeyCyberspace-frameworks-${CONFIGURATION}-output-files.xcfilelist",
			);
			runOnlyForDeploymentPostprocessing = 0;
			shellPath = /bin/sh;
			shellScript = "\"${PODS_ROOT}/Target Support Files/Pods-HiddenMickeyCyberspace/Pods-HiddenMickeyCyberspace-frameworks.sh\"\n";
			showEnvVarsInLog = 0;
		};
/* End PBXShellScriptBuildPhase section */

/* Begin PBXSourcesBuildPhase section */
		E9A2673A266BE12200665698 /* Sources */ = {
			isa = PBXSourcesBuildPhase;
			buildActionMask = 2147483647;
			files = (
				E924DB3D2687EBBA009E021E /* HMCHomeProfileDrawerViewController.swift in Sources */,
				E976AB8B2672CBC600EA09F9 /* HMCModel.swift in Sources */,
				E9A26742266BE12200665698 /* AppDelegate.swift in Sources */,
				E9AC4C5F282A0436007DEE57 /* HMCProfileViewController.swift in Sources */,
				E9A26744266BE12200665698 /* SceneDelegate.swift in Sources */,
				E976AB8D2672CDF500EA09F9 /* HMCLocation.swift in Sources */,
				E96CBF71280FC54500EAD493 /* HMCCollectionViewCell.swift in Sources */,
				E976AB81267275F600EA09F9 /* HMCRequestHandler.swift in Sources */,
				E956714427A5BC1C00E4D52C /* CustomAnnotationView.swift in Sources */,
				E99FE1AE27B8C2C900388C03 /* ColorConstansts.swift in Sources */,
				E956714627A642D800E4D52C /* HMCAnnotationView.swift in Sources */,
				E976AB852672ADA200EA09F9 /* HMCViewController.swift in Sources */,
				E99FE1AC27B89C4E00388C03 /* TimerProgressBarView.swift in Sources */,
				E9A2675A266C498300665698 /* HMCMapKitExtension.swift in Sources */,
				E956714227A512D100E4D52C /* UIColorExtensions.swift in Sources */,
				E9A26757266BE94200665698 /* HMCHomeMapViewController.swift in Sources */,
				E924DB43268C171D009E021E /* HMCARCameraViewController.swift in Sources */,
				E9FC260326DF35EA007820E9 /* HMCFinalScoreViewController.swift in Sources */,
				E976AB892672B34700EA09F9 /* HMCHiddenMickey.swift in Sources */,
				E956715027A6567600E4D52C /* TempGlobalVariables.swift in Sources */,
				E998BDAC2821FDAC00164B70 /* HMCScoreAndCollectionViewController.swift in Sources */,
				E9AC4C63282B01A6007DEE57 /* HMCMapCalloutViewController.swift in Sources */,
			);
			runOnlyForDeploymentPostprocessing = 0;
		};
/* End PBXSourcesBuildPhase section */

/* Begin PBXVariantGroup section */
		E9A2674C266BE12300665698 /* LaunchScreen.storyboard */ = {
			isa = PBXVariantGroup;
			children = (
				E9A2674D266BE12300665698 /* Base */,
			);
			name = LaunchScreen.storyboard;
			sourceTree = "<group>";
		};
/* End PBXVariantGroup section */

/* Begin XCBuildConfiguration section */
		E9A26750266BE12300665698 /* Debug */ = {
			isa = XCBuildConfiguration;
			buildSettings = {
				ALWAYS_SEARCH_USER_PATHS = NO;
				CLANG_ANALYZER_NONNULL = YES;
				CLANG_ANALYZER_NUMBER_OBJECT_CONVERSION = YES_AGGRESSIVE;
				CLANG_CXX_LANGUAGE_STANDARD = "gnu++14";
				CLANG_CXX_LIBRARY = "libc++";
				CLANG_ENABLE_MODULES = YES;
				CLANG_ENABLE_OBJC_ARC = YES;
				CLANG_ENABLE_OBJC_WEAK = YES;
				CLANG_WARN_BLOCK_CAPTURE_AUTORELEASING = YES;
				CLANG_WARN_BOOL_CONVERSION = YES;
				CLANG_WARN_COMMA = YES;
				CLANG_WARN_CONSTANT_CONVERSION = YES;
				CLANG_WARN_DEPRECATED_OBJC_IMPLEMENTATIONS = YES;
				CLANG_WARN_DIRECT_OBJC_ISA_USAGE = YES_ERROR;
				CLANG_WARN_DOCUMENTATION_COMMENTS = YES;
				CLANG_WARN_EMPTY_BODY = YES;
				CLANG_WARN_ENUM_CONVERSION = YES;
				CLANG_WARN_INFINITE_RECURSION = YES;
				CLANG_WARN_INT_CONVERSION = YES;
				CLANG_WARN_NON_LITERAL_NULL_CONVERSION = YES;
				CLANG_WARN_OBJC_IMPLICIT_RETAIN_SELF = YES;
				CLANG_WARN_OBJC_LITERAL_CONVERSION = YES;
				CLANG_WARN_OBJC_ROOT_CLASS = YES_ERROR;
				CLANG_WARN_QUOTED_INCLUDE_IN_FRAMEWORK_HEADER = YES;
				CLANG_WARN_RANGE_LOOP_ANALYSIS = YES;
				CLANG_WARN_STRICT_PROTOTYPES = YES;
				CLANG_WARN_SUSPICIOUS_MOVE = YES;
				CLANG_WARN_UNGUARDED_AVAILABILITY = YES_AGGRESSIVE;
				CLANG_WARN_UNREACHABLE_CODE = YES;
				CLANG_WARN__DUPLICATE_METHOD_MATCH = YES;
				COPY_PHASE_STRIP = NO;
				DEBUG_INFORMATION_FORMAT = dwarf;
				ENABLE_STRICT_OBJC_MSGSEND = YES;
				ENABLE_TESTABILITY = YES;
				GCC_C_LANGUAGE_STANDARD = gnu11;
				GCC_DYNAMIC_NO_PIC = NO;
				GCC_NO_COMMON_BLOCKS = YES;
				GCC_OPTIMIZATION_LEVEL = 0;
				GCC_PREPROCESSOR_DEFINITIONS = (
					"DEBUG=1",
					"$(inherited)",
				);
				GCC_WARN_64_TO_32_BIT_CONVERSION = YES;
				GCC_WARN_ABOUT_RETURN_TYPE = YES_ERROR;
				GCC_WARN_UNDECLARED_SELECTOR = YES;
				GCC_WARN_UNINITIALIZED_AUTOS = YES_AGGRESSIVE;
				GCC_WARN_UNUSED_FUNCTION = YES;
				GCC_WARN_UNUSED_VARIABLE = YES;
				IPHONEOS_DEPLOYMENT_TARGET = 14.5;
				MTL_ENABLE_DEBUG_INFO = INCLUDE_SOURCE;
				MTL_FAST_MATH = YES;
				ONLY_ACTIVE_ARCH = YES;
				SDKROOT = iphoneos;
				SWIFT_ACTIVE_COMPILATION_CONDITIONS = DEBUG;
				SWIFT_OPTIMIZATION_LEVEL = "-Onone";
			};
			name = Debug;
		};
		E9A26751266BE12300665698 /* Release */ = {
			isa = XCBuildConfiguration;
			buildSettings = {
				ALWAYS_SEARCH_USER_PATHS = NO;
				CLANG_ANALYZER_NONNULL = YES;
				CLANG_ANALYZER_NUMBER_OBJECT_CONVERSION = YES_AGGRESSIVE;
				CLANG_CXX_LANGUAGE_STANDARD = "gnu++14";
				CLANG_CXX_LIBRARY = "libc++";
				CLANG_ENABLE_MODULES = YES;
				CLANG_ENABLE_OBJC_ARC = YES;
				CLANG_ENABLE_OBJC_WEAK = YES;
				CLANG_WARN_BLOCK_CAPTURE_AUTORELEASING = YES;
				CLANG_WARN_BOOL_CONVERSION = YES;
				CLANG_WARN_COMMA = YES;
				CLANG_WARN_CONSTANT_CONVERSION = YES;
				CLANG_WARN_DEPRECATED_OBJC_IMPLEMENTATIONS = YES;
				CLANG_WARN_DIRECT_OBJC_ISA_USAGE = YES_ERROR;
				CLANG_WARN_DOCUMENTATION_COMMENTS = YES;
				CLANG_WARN_EMPTY_BODY = YES;
				CLANG_WARN_ENUM_CONVERSION = YES;
				CLANG_WARN_INFINITE_RECURSION = YES;
				CLANG_WARN_INT_CONVERSION = YES;
				CLANG_WARN_NON_LITERAL_NULL_CONVERSION = YES;
				CLANG_WARN_OBJC_IMPLICIT_RETAIN_SELF = YES;
				CLANG_WARN_OBJC_LITERAL_CONVERSION = YES;
				CLANG_WARN_OBJC_ROOT_CLASS = YES_ERROR;
				CLANG_WARN_QUOTED_INCLUDE_IN_FRAMEWORK_HEADER = YES;
				CLANG_WARN_RANGE_LOOP_ANALYSIS = YES;
				CLANG_WARN_STRICT_PROTOTYPES = YES;
				CLANG_WARN_SUSPICIOUS_MOVE = YES;
				CLANG_WARN_UNGUARDED_AVAILABILITY = YES_AGGRESSIVE;
				CLANG_WARN_UNREACHABLE_CODE = YES;
				CLANG_WARN__DUPLICATE_METHOD_MATCH = YES;
				COPY_PHASE_STRIP = NO;
				DEBUG_INFORMATION_FORMAT = "dwarf-with-dsym";
				ENABLE_NS_ASSERTIONS = NO;
				ENABLE_STRICT_OBJC_MSGSEND = YES;
				GCC_C_LANGUAGE_STANDARD = gnu11;
				GCC_NO_COMMON_BLOCKS = YES;
				GCC_WARN_64_TO_32_BIT_CONVERSION = YES;
				GCC_WARN_ABOUT_RETURN_TYPE = YES_ERROR;
				GCC_WARN_UNDECLARED_SELECTOR = YES;
				GCC_WARN_UNINITIALIZED_AUTOS = YES_AGGRESSIVE;
				GCC_WARN_UNUSED_FUNCTION = YES;
				GCC_WARN_UNUSED_VARIABLE = YES;
				IPHONEOS_DEPLOYMENT_TARGET = 14.5;
				MTL_ENABLE_DEBUG_INFO = NO;
				MTL_FAST_MATH = YES;
				SDKROOT = iphoneos;
				SWIFT_COMPILATION_MODE = wholemodule;
				SWIFT_OPTIMIZATION_LEVEL = "-O";
				VALIDATE_PRODUCT = YES;
			};
			name = Release;
		};
		E9A26753266BE12300665698 /* Debug */ = {
			isa = XCBuildConfiguration;
			baseConfigurationReference = 4DA3C2F48672AF3E3A61026E /* Pods-HiddenMickeyCyberspace.debug.xcconfig */;
			buildSettings = {
				ASSETCATALOG_COMPILER_APPICON_NAME = AppIcon;
				ASSETCATALOG_COMPILER_GLOBAL_ACCENT_COLOR_NAME = AccentColor;
				CODE_SIGN_STYLE = Automatic;
				DEVELOPMENT_TEAM = 4NRF3W76TL;
				INFOPLIST_FILE = HiddenMickeyCyberspace/Info.plist;
				LD_RUNPATH_SEARCH_PATHS = (
					"$(inherited)",
					"@executable_path/Frameworks",
				);
				PRODUCT_BUNDLE_IDENTIFIER = "Justin-Rodriguez.HiddenMickeyCyberspace";
				PRODUCT_NAME = "$(TARGET_NAME)";
				SWIFT_VERSION = 5.0;
				TARGETED_DEVICE_FAMILY = "1,2";
			};
			name = Debug;
		};
		E9A26754266BE12300665698 /* Release */ = {
			isa = XCBuildConfiguration;
			baseConfigurationReference = EDB1B44C452A1468D5E1085C /* Pods-HiddenMickeyCyberspace.release.xcconfig */;
			buildSettings = {
				ASSETCATALOG_COMPILER_APPICON_NAME = AppIcon;
				ASSETCATALOG_COMPILER_GLOBAL_ACCENT_COLOR_NAME = AccentColor;
				CODE_SIGN_STYLE = Automatic;
				DEVELOPMENT_TEAM = 4NRF3W76TL;
				INFOPLIST_FILE = HiddenMickeyCyberspace/Info.plist;
				LD_RUNPATH_SEARCH_PATHS = (
					"$(inherited)",
					"@executable_path/Frameworks",
				);
				PRODUCT_BUNDLE_IDENTIFIER = "Justin-Rodriguez.HiddenMickeyCyberspace";
				PRODUCT_NAME = "$(TARGET_NAME)";
				SWIFT_VERSION = 5.0;
				TARGETED_DEVICE_FAMILY = "1,2";
			};
			name = Release;
		};
/* End XCBuildConfiguration section */

/* Begin XCConfigurationList section */
		E9A26739266BE12200665698 /* Build configuration list for PBXProject "HiddenMickeyCyberspace" */ = {
			isa = XCConfigurationList;
			buildConfigurations = (
				E9A26750266BE12300665698 /* Debug */,
				E9A26751266BE12300665698 /* Release */,
			);
			defaultConfigurationIsVisible = 0;
			defaultConfigurationName = Release;
		};
		E9A26752266BE12300665698 /* Build configuration list for PBXNativeTarget "HiddenMickeyCyberspace" */ = {
			isa = XCConfigurationList;
			buildConfigurations = (
				E9A26753266BE12300665698 /* Debug */,
				E9A26754266BE12300665698 /* Release */,
			);
			defaultConfigurationIsVisible = 0;
			defaultConfigurationName = Release;
		};
/* End XCConfigurationList section */
	};
	rootObject = E9A26736266BE12200665698 /* Project object */;
}
